
Microsoft Visual Studio Solution File, Format Version 12.00
# Visual Studio Version 16
VisualStudioVersion = 16.0.32126.315
MinimumVisualStudioVersion = 10.0.40219.1
Project("{9A19103F-16F7-4668-BE54-9A1E7A4F7556}") = "LR6", "LR1\LR6.csproj", "{1C0CC3BB-837E-4498-8711-F890C812AAAA}"
EndProject
Project("{FAE04EC0-301F-11D3-BF4B-00C04F79EFBC}") = "LR9", "LR9\LR9.csproj", "{A8A2B379-3817-4CD6-B7E8-0BE497E6AB98}"
EndProject
Global
	GlobalSection(SolutionConfigurationPlatforms) = preSolution
		Debug|Any CPU = Debug|Any CPU
		Release|Any CPU = Release|Any CPU
	EndGlobalSection
	GlobalSection(ProjectConfigurationPlatforms) = postSolution
		{1C0CC3BB-837E-4498-8711-F890C812AAAA}.Debug|Any CPU.ActiveCfg = Debug|Any CPU
		{1C0CC3BB-837E-4498-8711-F890C812AAAA}.Debug|Any CPU.Build.0 = Debug|Any CPU
		{1C0CC3BB-837E-4498-8711-F890C812AAAA}.Release|Any CPU.ActiveCfg = Release|Any CPU
		{1C0CC3BB-837E-4498-8711-F890C812AAAA}.Release|Any CPU.Build.0 = Release|Any CPU
		{A8A2B379-3817-4CD6-B7E8-0BE497E6AB98}.Debug|Any CPU.ActiveCfg = Debug|Any CPU
		{A8A2B379-3817-4CD6-B7E8-0BE497E6AB98}.Debug|Any CPU.Build.0 = Debug|Any CPU
		{A8A2B379-3817-4CD6-B7E8-0BE497E6AB98}.Release|Any CPU.ActiveCfg = Release|Any CPU
		{A8A2B379-3817-4CD6-B7E8-0BE497E6AB98}.Release|Any CPU.Build.0 = Release|Any CPU
	EndGlobalSection
	GlobalSection(SolutionProperties) = preSolution
		HideSolutionNode = FALSE
	EndGlobalSection
	GlobalSection(ExtensibilityGlobals) = postSolution
		SolutionGuid = {B8441190-72EC-46C4-A763-6298408AAA0F}
	EndGlobalSection
EndGlobal
