
Microsoft Visual Studio Solution File, Format Version 12.00
# Visual Studio Version 16
VisualStudioVersion = 16.0.32126.315
MinimumVisualStudioVersion = 10.0.40219.1
Project("{9A19103F-16F7-4668-BE54-9A1E7A4F7556}") = "LR6", "LR6\LR6.csproj", "{83AC819D-2EF6-4CFA-9C58-1DE98F54F9A2}"
EndProject
Project("{9A19103F-16F7-4668-BE54-9A1E7A4F7556}") = "LR9", "LR9\LR9.csproj", "{A4F8DF61-9BBB-4CE1-A063-B0C6DB6B83A6}"
EndProject
Project("{9A19103F-16F7-4668-BE54-9A1E7A4F7556}") = "LR10", "LR10\LR10.csproj", "{B9BCE5DE-E56B-420F-AE9B-FD8429004ABC}"
EndProject
Global
	GlobalSection(SolutionConfigurationPlatforms) = preSolution
		Debug|Any CPU = Debug|Any CPU
		Release|Any CPU = Release|Any CPU
	EndGlobalSection
	GlobalSection(ProjectConfigurationPlatforms) = postSolution
		{83AC819D-2EF6-4CFA-9C58-1DE98F54F9A2}.Debug|Any CPU.ActiveCfg = Debug|Any CPU
		{83AC819D-2EF6-4CFA-9C58-1DE98F54F9A2}.Debug|Any CPU.Build.0 = Debug|Any CPU
		{83AC819D-2EF6-4CFA-9C58-1DE98F54F9A2}.Release|Any CPU.ActiveCfg = Release|Any CPU
		{83AC819D-2EF6-4CFA-9C58-1DE98F54F9A2}.Release|Any CPU.Build.0 = Release|Any CPU
		{A4F8DF61-9BBB-4CE1-A063-B0C6DB6B83A6}.Debug|Any CPU.ActiveCfg = Debug|Any CPU
		{A4F8DF61-9BBB-4CE1-A063-B0C6DB6B83A6}.Debug|Any CPU.Build.0 = Debug|Any CPU
		{A4F8DF61-9BBB-4CE1-A063-B0C6DB6B83A6}.Release|Any CPU.ActiveCfg = Release|Any CPU
		{A4F8DF61-9BBB-4CE1-A063-B0C6DB6B83A6}.Release|Any CPU.Build.0 = Release|Any CPU
		{B9BCE5DE-E56B-420F-AE9B-FD8429004ABC}.Debug|Any CPU.ActiveCfg = Debug|Any CPU
		{B9BCE5DE-E56B-420F-AE9B-FD8429004ABC}.Debug|Any CPU.Build.0 = Debug|Any CPU
		{B9BCE5DE-E56B-420F-AE9B-FD8429004ABC}.Release|Any CPU.ActiveCfg = Release|Any CPU
		{B9BCE5DE-E56B-420F-AE9B-FD8429004ABC}.Release|Any CPU.Build.0 = Release|Any CPU
	EndGlobalSection
	GlobalSection(SolutionProperties) = preSolution
		HideSolutionNode = FALSE
	EndGlobalSection
	GlobalSection(ExtensibilityGlobals) = postSolution
		SolutionGuid = {96E19223-0E70-4A80-8798-1D0FDBD85F1C}
	EndGlobalSection
EndGlobal
